// !$*UTF8*$!
{
	archiveVersion = 1;
	classes = {
	};
	objectVersion = 46;
	objects = {

/* Begin PBXBuildFile section */
		263DFC0D1C91CF0D005D948C /* AppDelegate.swift in Sources */ = {isa = PBXBuildFile; fileRef = 263DFC0C1C91CF0D005D948C /* AppDelegate.swift */; };
		263DFC0F1C91CF0D005D948C /* ViewController.swift in Sources */ = {isa = PBXBuildFile; fileRef = 263DFC0E1C91CF0D005D948C /* ViewController.swift */; };
		263DFC121C91CF0D005D948C /* Main.storyboard in Resources */ = {isa = PBXBuildFile; fileRef = 263DFC101C91CF0D005D948C /* Main.storyboard */; };
		263DFC151C91CF0D005D948C /* My_Hood.xcdatamodeld in Sources */ = {isa = PBXBuildFile; fileRef = 263DFC131C91CF0D005D948C /* My_Hood.xcdatamodeld */; };
		263DFC171C91CF0D005D948C /* Assets.xcassets in Resources */ = {isa = PBXBuildFile; fileRef = 263DFC161C91CF0D005D948C /* Assets.xcassets */; };
		263DFC1A1C91CF0D005D948C /* LaunchScreen.storyboard in Resources */ = {isa = PBXBuildFile; fileRef = 263DFC181C91CF0D005D948C /* LaunchScreen.storyboard */; };
/* End PBXBuildFile section */

/* Begin PBXFileReference section */
		263DFC091C91CF0D005D948C /* My-Hood.app */ = {isa = PBXFileReference; explicitFileType = wrapper.application; includeInIndex = 0; path = "My-Hood.app"; sourceTree = BUILT_PRODUCTS_DIR; };
		263DFC0C1C91CF0D005D948C /* AppDelegate.swift */ = {isa = PBXFileReference; lastKnownFileType = sourcecode.swift; path = AppDelegate.swift; sourceTree = "<group>"; };
		263DFC0E1C91CF0D005D948C /* ViewController.swift */ = {isa = PBXFileReference; lastKnownFileType = sourcecode.swift; path = ViewController.swift; sourceTree = "<group>"; };
		263DFC111C91CF0D005D948C /* Base */ = {isa = PBXFileReference; lastKnownFileType = file.storyboard; name = Base; path = Base.lproj/Main.storyboard; sourceTree = "<group>"; };
		263DFC141C91CF0D005D948C /* My_Hood.xcdatamodel */ = {isa = PBXFileReference; lastKnownFileType = wrapper.xcdatamodel; path = My_Hood.xcdatamodel; sourceTree = "<group>"; };
		263DFC161C91CF0D005D948C /* Assets.xcassets */ = {isa = PBXFileReference; lastKnownFileType = folder.assetcatalog; path = Assets.xcassets; sourceTree = "<group>"; };
		263DFC191C91CF0D005D948C /* Base */ = {isa = PBXFileReference; lastKnownFileType = file.storyboard; name = Base; path = Base.lproj/LaunchScreen.storyboard; sourceTree = "<group>"; };
		263DFC1B1C91CF0D005D948C /* Info.plist */ = {isa = PBXFileReference; lastKnownFileType = text.plist.xml; path = Info.plist; sourceTree = "<group>"; };
/* End PBXFileReference section */

/* Begin PBXFrameworksBuildPhase section */
		263DFC061C91CF0D005D948C /* Frameworks */ = {
			isa = PBXFrameworksBuildPhase;
			buildActionMask = 2147483647;
			files = (
			);
			runOnlyForDeploymentPostprocessing = 0;
		};
/* End PBXFrameworksBuildPhase section */

/* Begin PBXGroup section */
		263DFC001C91CF0D005D948C = {
			isa = PBXGroup;
			children = (
				263DFC0B1C91CF0D005D948C /* My-Hood */,
				263DFC0A1C91CF0D005D948C /* Products */,
			);
			sourceTree = "<group>";
		};
		263DFC0A1C91CF0D005D948C /* Products */ = {
			isa = PBXGroup;
			children = (
				263DFC091C91CF0D005D948C /* My-Hood.app */,
			);
			name = Products;
			sourceTree = "<group>";
		};
		263DFC0B1C91CF0D005D948C /* My-Hood */ = {
			isa = PBXGroup;
			children = (
				263DFC0C1C91CF0D005D948C /* AppDelegate.swift */,
				263DFC0E1C91CF0D005D948C /* ViewController.swift */,
				263DFC101C91CF0D005D948C /* Main.storyboard */,
				263DFC161C91CF0D005D948C /* Assets.xcassets */,
				263DFC181C91CF0D005D948C /* LaunchScreen.storyboard */,
				263DFC1B1C91CF0D005D948C /* Info.plist */,
				263DFC131C91CF0D005D948C /* My_Hood.xcdatamodeld */,
			);
			path = "My-Hood";
			sourceTree = "<group>";
		};
/* End PBXGroup section */

/* Begin PBXNativeTarget section */
		263DFC081C91CF0D005D948C /* My-Hood */ = {
			isa = PBXNativeTarget;
			buildConfigurationList = 263DFC1E1C91CF0D005D948C /* Build configuration list for PBXNativeTarget "My-Hood" */;
			buildPhases = (
				263DFC051C91CF0D005D948C /* Sources */,
				263DFC061C91CF0D005D948C /* Frameworks */,
				263DFC071C91CF0D005D948C /* Resources */,
			);
			buildRules = (
			);
			dependencies = (
			);
			name = "My-Hood";
			productName = "My-Hood";
			productReference = 263DFC091C91CF0D005D948C /* My-Hood.app */;
			productType = "com.apple.product-type.application";
		};
/* End PBXNativeTarget section */

/* Begin PBXProject section */
		263DFC011C91CF0D005D948C /* Project object */ = {
			isa = PBXProject;
			attributes = {
				LastSwiftUpdateCheck = 0720;
				LastUpgradeCheck = 0720;
				ORGANIZATIONNAME = "Sweet Acorn";
				TargetAttributes = {
					263DFC081C91CF0D005D948C = {
						CreatedOnToolsVersion = 7.2.1;
						DevelopmentTeam = Z2X5XDLWC3;
					};
				};
			};
			buildConfigurationList = 263DFC041C91CF0D005D948C /* Build configuration list for PBXProject "My-Hood" */;
			compatibilityVersion = "Xcode 3.2";
			developmentRegion = English;
			hasScannedForEncodings = 0;
			knownRegions = (
				en,
				Base,
			);
			mainGroup = 263DFC001C91CF0D005D948C;
			productRefGroup = 263DFC0A1C91CF0D005D948C /* Products */;
			projectDirPath = "";
			projectRoot = "";
			targets = (
				263DFC081C91CF0D005D948C /* My-Hood */,
			);
		};
/* End PBXProject section */

/* Begin PBXResourcesBuildPhase section */
		263DFC071C91CF0D005D948C /* Resources */ = {
			isa = PBXResourcesBuildPhase;
			buildActionMask = 2147483647;
			files = (
				263DFC1A1C91CF0D005D948C /* LaunchScreen.storyboard in Resources */,
				263DFC171C91CF0D005D948C /* Assets.xcassets in Resources */,
				263DFC121C91CF0D005D948C /* Main.storyboard in Resources */,
			);
			runOnlyForDeploymentPostprocessing = 0;
		};
/* End PBXResourcesBuildPhase section */

/* Begin PBXSourcesBuildPhase section */
		263DFC051C91CF0D005D948C /* Sources */ = {
			isa = PBXSourcesBuildPhase;
			buildActionMask = 2147483647;
			files = (
				263DFC0F1C91CF0D005D948C /* ViewController.swift in Sources */,
				263DFC151C91CF0D005D948C /* My_Hood.xcdatamodeld in Sources */,
				263DFC0D1C91CF0D005D948C /* AppDelegate.swift in Sources */,
			);
			runOnlyForDeploymentPostprocessing = 0;
		};
/* End PBXSourcesBuildPhase section */

/* Begin PBXVariantGroup section */
		263DFC101C91CF0D005D948C /* Main.storyboard */ = {
			isa = PBXVariantGroup;
			children = (
				263DFC111C91CF0D005D948C /* Base */,
			);
			name = Main.storyboard;
			sourceTree = "<group>";
		};
		263DFC181C91CF0D005D948C /* LaunchScreen.storyboard */ = {
			isa = PBXVariantGroup;
			children = (
				263DFC191C91CF0D005D948C /* Base */,
			);
			name = LaunchScreen.storyboard;
			sourceTree = "<group>";
		};
/* End PBXVariantGroup section */

/* Begin XCBuildConfiguration section */
		263DFC1C1C91CF0D005D948C /* Debug */ = {
			isa = XCBuildConfiguration;
			buildSettings = {
				ALWAYS_SEARCH_USER_PATHS = NO;
				CLANG_CXX_LANGUAGE_STANDARD = "gnu++0x";
				CLANG_CXX_LIBRARY = "libc++";
				CLANG_ENABLE_MODULES = YES;
				CLANG_ENABLE_OBJC_ARC = YES;
				CLANG_WARN_BOOL_CONVERSION = YES;
				CLANG_WARN_CONSTANT_CONVERSION = YES;
				CLANG_WARN_DIRECT_OBJC_ISA_USAGE = YES_ERROR;
				CLANG_WARN_EMPTY_BODY = YES;
				CLANG_WARN_ENUM_CONVERSION = YES;
				CLANG_WARN_INT_CONVERSION = YES;
				CLANG_WARN_OBJC_ROOT_CLASS = YES_ERROR;
				CLANG_WARN_UNREACHABLE_CODE = YES;
				CLANG_WARN__DUPLICATE_METHOD_MATCH = YES;
				"CODE_SIGN_IDENTITY[sdk=iphoneos*]" = "iPhone Developer";
				COPY_PHASE_STRIP = NO;
				DEBUG_INFORMATION_FORMAT = dwarf;
				ENABLE_STRICT_OBJC_MSGSEND = YES;
				ENABLE_TESTABILITY = YES;
				GCC_C_LANGUAGE_STANDARD = gnu99;
				GCC_DYNAMIC_NO_PIC = NO;
				GCC_NO_COMMON_BLOCKS = YES;
				GCC_OPTIMIZATION_LEVEL = 0;
				GCC_PREPROCESSOR_DEFINITIONS = (
					"DEBUG=1",
					"$(inherited)",
				);
				GCC_WARN_64_TO_32_BIT_CONVERSION = YES;
				GCC_WARN_ABOUT_RETURN_TYPE = YES_ERROR;
				GCC_WARN_UNDECLARED_SELECTOR = YES;
				GCC_WARN_UNINITIALIZED_AUTOS = YES_AGGRESSIVE;
				GCC_WARN_UNUSED_FUNCTION = YES;
				GCC_WARN_UNUSED_VARIABLE = YES;
				IPHONEOS_DEPLOYMENT_TARGET = 9.2;
				MTL_ENABLE_DEBUG_INFO = YES;
				ONLY_ACTIVE_ARCH = YES;
				SDKROOT = iphoneos;
				SWIFT_OPTIMIZATION_LEVEL = "-Onone";
				TARGETED_DEVICE_FAMILY = "1,2";
			};
			name = Debug;
		};
		263DFC1D1C91CF0D005D948C /* Release */ = {
			isa = XCBuildConfiguration;
			buildSettings = {
				ALWAYS_SEARCH_USER_PATHS = NO;
				CLANG_CXX_LANGUAGE_STANDARD = "gnu++0x";
				CLANG_CXX_LIBRARY = "libc++";
				CLANG_ENABLE_MODULES = YES;
				CLANG_ENABLE_OBJC_ARC = YES;
				CLANG_WARN_BOOL_CONVERSION = YES;
				CLANG_WARN_CONSTANT_CONVERSION = YES;
				CLANG_WARN_DIRECT_OBJC_ISA_USAGE = YES_ERROR;
				CLANG_WARN_EMPTY_BODY = YES;
				CLANG_WARN_ENUM_CONVERSION = YES;
				CLANG_WARN_INT_CONVERSION = YES;
				CLANG_WARN_OBJC_ROOT_CLASS = YES_ERROR;
				CLANG_WARN_UNREACHABLE_CODE = YES;
				CLANG_WARN__DUPLICATE_METHOD_MATCH = YES;
				"CODE_SIGN_IDENTITY[sdk=iphoneos*]" = "iPhone Developer";
				COPY_PHASE_STRIP = NO;
				DEBUG_INFORMATION_FORMAT = "dwarf-with-dsym";
				ENABLE_NS_ASSERTIONS = NO;
				ENABLE_STRICT_OBJC_MSGSEND = YES;
				GCC_C_LANGUAGE_STANDARD = gnu99;
				GCC_NO_COMMON_BLOCKS = YES;
				GCC_WARN_64_TO_32_BIT_CONVERSION = YES;
				GCC_WARN_ABOUT_RETURN_TYPE = YES_ERROR;
				GCC_WARN_UNDECLARED_SELECTOR = YES;
				GCC_WARN_UNINITIALIZED_AUTOS = YES_AGGRESSIVE;
				GCC_WARN_UNUSED_FUNCTION = YES;
				GCC_WARN_UNUSED_VARIABLE = YES;
				IPHONEOS_DEPLOYMENT_TARGET = 9.2;
				MTL_ENABLE_DEBUG_INFO = NO;
				SDKROOT = iphoneos;
				TARGETED_DEVICE_FAMILY = "1,2";
				VALIDATE_PRODUCT = YES;
			};
			name = Release;
		};
		263DFC1F1C91CF0D005D948C /* Debug */ = {
			isa = XCBuildConfiguration;
			buildSettings = {
				ASSETCATALOG_COMPILER_APPICON_NAME = AppIcon;
				INFOPLIST_FILE = "My-Hood/Info.plist";
				LD_RUNPATH_SEARCH_PATHS = "$(inherited) @executable_path/Frameworks";
				PRODUCT_BUNDLE_IDENTIFIER = "com.sa.My-Hood";
				PRODUCT_NAME = "$(TARGET_NAME)";
			};
			name = Debug;
		};
		263DFC201C91CF0D005D948C /* Release */ = {
			isa = XCBuildConfiguration;
			buildSettings = {
				ASSETCATALOG_COMPILER_APPICON_NAME = AppIcon;
				INFOPLIST_FILE = "My-Hood/Info.plist";
				LD_RUNPATH_SEARCH_PATHS = "$(inherited) @executable_path/Frameworks";
				PRODUCT_BUNDLE_IDENTIFIER = "com.sa.My-Hood";
				PRODUCT_NAME = "$(TARGET_NAME)";
			};
			name = Release;
		};
/* End XCBuildConfiguration section */

/* Begin XCConfigurationList section */
		263DFC041C91CF0D005D948C /* Build configuration list for PBXProject "My-Hood" */ = {
			isa = XCConfigurationList;
			buildConfigurations = (
				263DFC1C1C91CF0D005D948C /* Debug */,
				263DFC1D1C91CF0D005D948C /* Release */,
			);
			defaultConfigurationIsVisible = 0;
			defaultConfigurationName = Release;
		};
		263DFC1E1C91CF0D005D948C /* Build configuration list for PBXNativeTarget "My-Hood" */ = {
			isa = XCConfigurationList;
			buildConfigurations = (
				263DFC1F1C91CF0D005D948C /* Debug */,
				263DFC201C91CF0D005D948C /* Release */,
			);
			defaultConfigurationIsVisible = 0;
		};
/* End XCConfigurationList section */

/* Begin XCVersionGroup section */
		263DFC131C91CF0D005D948C /* My_Hood.xcdatamodeld */ = {
			isa = XCVersionGroup;
			children = (
				263DFC141C91CF0D005D948C /* My_Hood.xcdatamodel */,
			);
			currentVersion = 263DFC141C91CF0D005D948C /* My_Hood.xcdatamodel */;
			path = My_Hood.xcdatamodeld;
			sourceTree = "<group>";
			versionGroupType = wrapper.xcdatamodel;
		};
/* End XCVersionGroup section */
	};
	rootObject = 263DFC011C91CF0D005D948C /* Project object */;
}
